# This file is automatically @generated by Cargo.
# It is not intended for manual editing.
version = 3

[[package]]
name = "smol-vm"
version = "0.1.0"
dependencies = [
 "smol_file",
]

[[package]]
name = "smol_asm"
version = "0.1.0"
dependencies = [
 "smol_file",
]

[[package]]
name = "smol_file"
version = "0.1.0"
